
Microsoft Visual Studio Solution File, Format Version 12.00
# Visual Studio Version 16
VisualStudioVersion = 16.0.30413.136
MinimumVisualStudioVersion = 10.0.40219.1
Project("{FAE04EC0-301F-11D3-BF4B-00C04F79EFBC}") = "Pokus16", "Pokus16\Pokus16.csproj", "{B4CC4A24-2BA1-4D13-82B4-544348A47128}"
EndProject
Global
	GlobalSection(SolutionConfigurationPlatforms) = preSolution
		Debug|Any CPU = Debug|Any CPU
		Release|Any CPU = Release|Any CPU
	EndGlobalSection
	GlobalSection(ProjectConfigurationPlatforms) = postSolution
		{B4CC4A24-2BA1-4D13-82B4-544348A47128}.Debug|Any CPU.ActiveCfg = Debug|Any CPU
		{B4CC4A24-2BA1-4D13-82B4-544348A47128}.Debug|Any CPU.Build.0 = Debug|Any CPU
		{B4CC4A24-2BA1-4D13-82B4-544348A47128}.Release|Any CPU.ActiveCfg = Release|Any CPU
		{B4CC4A24-2BA1-4D13-82B4-544348A47128}.Release|Any CPU.Build.0 = Release|Any CPU
	EndGlobalSection
	GlobalSection(SolutionProperties) = preSolution
		HideSolutionNode = FALSE
	EndGlobalSection
	GlobalSection(ExtensibilityGlobals) = postSolution
		SolutionGuid = {E1CEB223-6ED7-4A7E-862E-7B3D66A79598}
	EndGlobalSection
EndGlobal
